// !$*UTF8*$!
{
	archiveVersion = 1;
	classes = {
	};
	objectVersion = 50;
	objects = {

/* Begin PBXBuildFile section */
		470F3F0C267DA71000CC90DF /* DEAlertVC.swift in Sources */ = {isa = PBXBuildFile; fileRef = 470F3F0B267DA71000CC90DF /* DEAlertVC.swift */; };
		470F3F10267DA73D00CC90DF /* DEAlertContainerView.swift in Sources */ = {isa = PBXBuildFile; fileRef = 470F3F0F267DA73D00CC90DF /* DEAlertContainerView.swift */; };
		470F3F14267DA77000CC90DF /* DETitleLabel.swift in Sources */ = {isa = PBXBuildFile; fileRef = 470F3F13267DA77000CC90DF /* DETitleLabel.swift */; };
		470F3F18267DA84700CC90DF /* DEButton.swift in Sources */ = {isa = PBXBuildFile; fileRef = 470F3F17267DA84700CC90DF /* DEButton.swift */; };
		470F3F1D267DA95800CC90DF /* UIViewController+Ext.swift in Sources */ = {isa = PBXBuildFile; fileRef = 470F3F1C267DA95800CC90DF /* UIViewController+Ext.swift */; };
		473682DA267D122B00A8ECBD /* CHCSVParser.m in Sources */ = {isa = PBXBuildFile; fileRef = 473682D9267D122B00A8ECBD /* CHCSVParser.m */; };
		477FD4BE26639E1A005A6978 /* AppDelegate.swift in Sources */ = {isa = PBXBuildFile; fileRef = 477FD4BD26639E1A005A6978 /* AppDelegate.swift */; };
		477FD4C026639E1B005A6978 /* SceneDelegate.swift in Sources */ = {isa = PBXBuildFile; fileRef = 477FD4BF26639E1B005A6978 /* SceneDelegate.swift */; };
		477FD4C526639E1B005A6978 /* Main.storyboard in Resources */ = {isa = PBXBuildFile; fileRef = 477FD4C326639E1B005A6978 /* Main.storyboard */; };
		477FD4C726639E1B005A6978 /* Assets.xcassets in Resources */ = {isa = PBXBuildFile; fileRef = 477FD4C626639E1B005A6978 /* Assets.xcassets */; };
		477FD4CA26639E1B005A6978 /* LaunchScreen.storyboard in Resources */ = {isa = PBXBuildFile; fileRef = 477FD4C826639E1B005A6978 /* LaunchScreen.storyboard */; };
		477FD4DB2663A0B7005A6978 /* RegisterViewController.swift in Sources */ = {isa = PBXBuildFile; fileRef = 477FD4DA2663A0B7005A6978 /* RegisterViewController.swift */; };
		477FD4DF2663A0C6005A6978 /* RegisterViewModel.swift in Sources */ = {isa = PBXBuildFile; fileRef = 477FD4DE2663A0C6005A6978 /* RegisterViewModel.swift */; };
		477FD4E92663AB1C005A6978 /* Bindable.swift in Sources */ = {isa = PBXBuildFile; fileRef = 477FD4E82663AB1C005A6978 /* Bindable.swift */; };
		477FD4EE2663AECD005A6978 /* String+Ext.swift in Sources */ = {isa = PBXBuildFile; fileRef = 477FD4ED2663AECD005A6978 /* String+Ext.swift */; };
		477FD4F42663B78E005A6978 /* PersistanceManager.swift in Sources */ = {isa = PBXBuildFile; fileRef = 477FD4F32663B78E005A6978 /* PersistanceManager.swift */; };
		477FD4F72663B7D5005A6978 /* User.swift in Sources */ = {isa = PBXBuildFile; fileRef = 477FD4F62663B7D5005A6978 /* User.swift */; };
		477FD4FB2663B890005A6978 /* DEError.swift in Sources */ = {isa = PBXBuildFile; fileRef = 477FD4FA2663B890005A6978 /* DEError.swift */; };
		477FD4FF2663BD3B005A6978 /* Constants.swift in Sources */ = {isa = PBXBuildFile; fileRef = 477FD4FE2663BD3B005A6978 /* Constants.swift */; };
		477FD5032663C75D005A6978 /* UserListViewController.swift in Sources */ = {isa = PBXBuildFile; fileRef = 477FD5022663C75D005A6978 /* UserListViewController.swift */; };
		477FD5062663C775005A6978 /* UserListViewModel.swift in Sources */ = {isa = PBXBuildFile; fileRef = 477FD5052663C775005A6978 /* UserListViewModel.swift */; };
		477FD5092663CBA0005A6978 /* ReusableView.swift in Sources */ = {isa = PBXBuildFile; fileRef = 477FD5082663CBA0005A6978 /* ReusableView.swift */; };
		477FD50E2663CBDD005A6978 /* HeaderCell.swift in Sources */ = {isa = PBXBuildFile; fileRef = 477FD50C2663CBDD005A6978 /* HeaderCell.swift */; };
		477FD50F2663CBDD005A6978 /* HeaderCell.xib in Resources */ = {isa = PBXBuildFile; fileRef = 477FD50D2663CBDD005A6978 /* HeaderCell.xib */; };
		477FD5172663D4E8005A6978 /* DetailCell.swift in Sources */ = {isa = PBXBuildFile; fileRef = 477FD5152663D4E8005A6978 /* DetailCell.swift */; };
		477FD5182663D4E8005A6978 /* DetailCell.xib in Resources */ = {isa = PBXBuildFile; fileRef = 477FD5162663D4E8005A6978 /* DetailCell.xib */; };
		477FD51E2663D987005A6978 /* DEEmptyStateView.swift in Sources */ = {isa = PBXBuildFile; fileRef = 477FD51D2663D987005A6978 /* DEEmptyStateView.swift */; };
		477FD5232663DA0F005A6978 /* DEImageView.swift in Sources */ = {isa = PBXBuildFile; fileRef = 477FD5222663DA0F005A6978 /* DEImageView.swift */; };
		477FD5272663DA50005A6978 /* DESecondaryTitleLabel.swift in Sources */ = {isa = PBXBuildFile; fileRef = 477FD5262663DA50005A6978 /* DESecondaryTitleLabel.swift */; };
		477FD52B2663DC7F005A6978 /* UIView+Ext.swift in Sources */ = {isa = PBXBuildFile; fileRef = 477FD52A2663DC7F005A6978 /* UIView+Ext.swift */; };
/* End PBXBuildFile section */

/* Begin PBXFileReference section */
		470F3F0B267DA71000CC90DF /* DEAlertVC.swift */ = {isa = PBXFileReference; lastKnownFileType = sourcecode.swift; path = DEAlertVC.swift; sourceTree = "<group>"; };
		470F3F0F267DA73D00CC90DF /* DEAlertContainerView.swift */ = {isa = PBXFileReference; lastKnownFileType = sourcecode.swift; path = DEAlertContainerView.swift; sourceTree = "<group>"; };
		470F3F13267DA77000CC90DF /* DETitleLabel.swift */ = {isa = PBXFileReference; lastKnownFileType = sourcecode.swift; path = DETitleLabel.swift; sourceTree = "<group>"; };
		470F3F17267DA84700CC90DF /* DEButton.swift */ = {isa = PBXFileReference; lastKnownFileType = sourcecode.swift; path = DEButton.swift; sourceTree = "<group>"; };
		470F3F1C267DA95800CC90DF /* UIViewController+Ext.swift */ = {isa = PBXFileReference; lastKnownFileType = sourcecode.swift; path = "UIViewController+Ext.swift"; sourceTree = "<group>"; };
		473682D3267D11B900A8ECBD /* Data Entry-Bridging-Header.h */ = {isa = PBXFileReference; lastKnownFileType = sourcecode.c.h; path = "Data Entry-Bridging-Header.h"; sourceTree = "<group>"; };
		473682D8267D122B00A8ECBD /* CHCSVParser.h */ = {isa = PBXFileReference; fileEncoding = 4; lastKnownFileType = sourcecode.c.h; path = CHCSVParser.h; sourceTree = "<group>"; };
		473682D9267D122B00A8ECBD /* CHCSVParser.m */ = {isa = PBXFileReference; fileEncoding = 4; lastKnownFileType = sourcecode.c.objc; path = CHCSVParser.m; sourceTree = "<group>"; };
		477FD4BA26639E1A005A6978 /* Data Entry.app */ = {isa = PBXFileReference; explicitFileType = wrapper.application; includeInIndex = 0; path = "Data Entry.app"; sourceTree = BUILT_PRODUCTS_DIR; };
		477FD4BD26639E1A005A6978 /* AppDelegate.swift */ = {isa = PBXFileReference; lastKnownFileType = sourcecode.swift; path = AppDelegate.swift; sourceTree = "<group>"; };
		477FD4BF26639E1B005A6978 /* SceneDelegate.swift */ = {isa = PBXFileReference; lastKnownFileType = sourcecode.swift; path = SceneDelegate.swift; sourceTree = "<group>"; };
		477FD4C426639E1B005A6978 /* Base */ = {isa = PBXFileReference; lastKnownFileType = file.storyboard; name = Base; path = Base.lproj/Main.storyboard; sourceTree = "<group>"; };
		477FD4C626639E1B005A6978 /* Assets.xcassets */ = {isa = PBXFileReference; lastKnownFileType = folder.assetcatalog; path = Assets.xcassets; sourceTree = "<group>"; };
		477FD4C926639E1B005A6978 /* Base */ = {isa = PBXFileReference; lastKnownFileType = file.storyboard; name = Base; path = Base.lproj/LaunchScreen.storyboard; sourceTree = "<group>"; };
		477FD4CB26639E1B005A6978 /* Info.plist */ = {isa = PBXFileReference; lastKnownFileType = text.plist.xml; path = Info.plist; sourceTree = "<group>"; };
		477FD4DA2663A0B7005A6978 /* RegisterViewController.swift */ = {isa = PBXFileReference; lastKnownFileType = sourcecode.swift; path = RegisterViewController.swift; sourceTree = "<group>"; };
		477FD4DE2663A0C6005A6978 /* RegisterViewModel.swift */ = {isa = PBXFileReference; lastKnownFileType = sourcecode.swift; path = RegisterViewModel.swift; sourceTree = "<group>"; };
		477FD4E82663AB1C005A6978 /* Bindable.swift */ = {isa = PBXFileReference; lastKnownFileType = sourcecode.swift; path = Bindable.swift; sourceTree = "<group>"; };
		477FD4ED2663AECD005A6978 /* String+Ext.swift */ = {isa = PBXFileReference; lastKnownFileType = sourcecode.swift; path = "String+Ext.swift"; sourceTree = "<group>"; };
		477FD4F32663B78E005A6978 /* PersistanceManager.swift */ = {isa = PBXFileReference; lastKnownFileType = sourcecode.swift; path = PersistanceManager.swift; sourceTree = "<group>"; };
		477FD4F62663B7D5005A6978 /* User.swift */ = {isa = PBXFileReference; lastKnownFileType = sourcecode.swift; path = User.swift; sourceTree = "<group>"; };
		477FD4FA2663B890005A6978 /* DEError.swift */ = {isa = PBXFileReference; lastKnownFileType = sourcecode.swift; path = DEError.swift; sourceTree = "<group>"; };
		477FD4FE2663BD3B005A6978 /* Constants.swift */ = {isa = PBXFileReference; lastKnownFileType = sourcecode.swift; path = Constants.swift; sourceTree = "<group>"; };
		477FD5022663C75D005A6978 /* UserListViewController.swift */ = {isa = PBXFileReference; lastKnownFileType = sourcecode.swift; path = UserListViewController.swift; sourceTree = "<group>"; };
		477FD5052663C775005A6978 /* UserListViewModel.swift */ = {isa = PBXFileReference; lastKnownFileType = sourcecode.swift; path = UserListViewModel.swift; sourceTree = "<group>"; };
		477FD5082663CBA0005A6978 /* ReusableView.swift */ = {isa = PBXFileReference; lastKnownFileType = sourcecode.swift; path = ReusableView.swift; sourceTree = "<group>"; };
		477FD50C2663CBDD005A6978 /* HeaderCell.swift */ = {isa = PBXFileReference; lastKnownFileType = sourcecode.swift; path = HeaderCell.swift; sourceTree = "<group>"; };
		477FD50D2663CBDD005A6978 /* HeaderCell.xib */ = {isa = PBXFileReference; lastKnownFileType = file.xib; path = HeaderCell.xib; sourceTree = "<group>"; };
		477FD5152663D4E8005A6978 /* DetailCell.swift */ = {isa = PBXFileReference; lastKnownFileType = sourcecode.swift; path = DetailCell.swift; sourceTree = "<group>"; };
		477FD5162663D4E8005A6978 /* DetailCell.xib */ = {isa = PBXFileReference; lastKnownFileType = file.xib; path = DetailCell.xib; sourceTree = "<group>"; };
		477FD51D2663D987005A6978 /* DEEmptyStateView.swift */ = {isa = PBXFileReference; lastKnownFileType = sourcecode.swift; path = DEEmptyStateView.swift; sourceTree = "<group>"; };
		477FD5222663DA0F005A6978 /* DEImageView.swift */ = {isa = PBXFileReference; lastKnownFileType = sourcecode.swift; path = DEImageView.swift; sourceTree = "<group>"; };
		477FD5262663DA50005A6978 /* DESecondaryTitleLabel.swift */ = {isa = PBXFileReference; lastKnownFileType = sourcecode.swift; path = DESecondaryTitleLabel.swift; sourceTree = "<group>"; };
		477FD52A2663DC7F005A6978 /* UIView+Ext.swift */ = {isa = PBXFileReference; lastKnownFileType = sourcecode.swift; path = "UIView+Ext.swift"; sourceTree = "<group>"; };
/* End PBXFileReference section */

/* Begin PBXFrameworksBuildPhase section */
		477FD4B726639E1A005A6978 /* Frameworks */ = {
			isa = PBXFrameworksBuildPhase;
			buildActionMask = 2147483647;
			files = (
			);
			runOnlyForDeploymentPostprocessing = 0;
		};
/* End PBXFrameworksBuildPhase section */

/* Begin PBXGroup section */
		470F3F0A267DA6FB00CC90DF /* Alerts */ = {
			isa = PBXGroup;
			children = (
				470F3F0B267DA71000CC90DF /* DEAlertVC.swift */,
			);
			path = Alerts;
			sourceTree = "<group>";
		};
		470F3F0E267DA72C00CC90DF /* Views */ = {
			isa = PBXGroup;
			children = (
				470F3F0F267DA73D00CC90DF /* DEAlertContainerView.swift */,
			);
			path = Views;
			sourceTree = "<group>";
		};
		470F3F16267DA83F00CC90DF /* Buttons */ = {
			isa = PBXGroup;
			children = (
				470F3F17267DA84700CC90DF /* DEButton.swift */,
			);
			path = Buttons;
			sourceTree = "<group>";
		};
		477FD4B126639E1A005A6978 = {
			isa = PBXGroup;
			children = (
				473682D8267D122B00A8ECBD /* CHCSVParser.h */,
				473682D9267D122B00A8ECBD /* CHCSVParser.m */,
				477FD4BC26639E1A005A6978 /* Data Entry */,
				477FD4BB26639E1A005A6978 /* Products */,
			);
			sourceTree = "<group>";
		};
		477FD4BB26639E1A005A6978 /* Products */ = {
			isa = PBXGroup;
			children = (
				477FD4BA26639E1A005A6978 /* Data Entry.app */,
			);
			name = Products;
			sourceTree = "<group>";
		};
		477FD4BC26639E1A005A6978 /* Data Entry */ = {
			isa = PBXGroup;
			children = (
				477FD4D326639FB4005A6978 /* Model */,
				477FD51B2663D96A005A6978 /* Custom Views */,
				477FD4D426639FBC005A6978 /* Scene */,
				477FD4F92663B87E005A6978 /* Utilities */,
				477FD4F22663B778005A6978 /* Managers */,
				477FD4E72663AB10005A6978 /* Helper */,
				477FD4EC2663AEC1005A6978 /* Extensions */,
				477FD4D226639F9E005A6978 /* Support Files */,
				473682D3267D11B900A8ECBD /* Data Entry-Bridging-Header.h */,
			);
			path = "Data Entry";
			sourceTree = "<group>";
		};
		477FD4D226639F9E005A6978 /* Support Files */ = {
			isa = PBXGroup;
			children = (
				477FD4BD26639E1A005A6978 /* AppDelegate.swift */,
				477FD4BF26639E1B005A6978 /* SceneDelegate.swift */,
				477FD4C626639E1B005A6978 /* Assets.xcassets */,
				477FD4C826639E1B005A6978 /* LaunchScreen.storyboard */,
				477FD4CB26639E1B005A6978 /* Info.plist */,
			);
			name = "Support Files";
			sourceTree = "<group>";
		};
		477FD4D326639FB4005A6978 /* Model */ = {
			isa = PBXGroup;
			children = (
				477FD4F62663B7D5005A6978 /* User.swift */,
			);
			name = Model;
			sourceTree = "<group>";
		};
		477FD4D426639FBC005A6978 /* Scene */ = {
			isa = PBXGroup;
			children = (
				477FD4D82663A092005A6978 /* Main  */,
				477FD4C326639E1B005A6978 /* Main.storyboard */,
			);
			name = Scene;
			sourceTree = "<group>";
		};
		477FD4D82663A092005A6978 /* Main  */ = {
			isa = PBXGroup;
			children = (
				477FD50B2663CBBD005A6978 /* Cells */,
				477FD4E12663A35D005A6978 /* User List */,
				477FD4D92663A0A4005A6978 /* Register */,
			);
			name = "Main ";
			sourceTree = "<group>";
		};
		477FD4D92663A0A4005A6978 /* Register */ = {
			isa = PBXGroup;
			children = (
				477FD4DA2663A0B7005A6978 /* RegisterViewController.swift */,
				477FD4DE2663A0C6005A6978 /* RegisterViewModel.swift */,
			);
			path = Register;
			sourceTree = "<group>";
		};
		477FD4E12663A35D005A6978 /* User List */ = {
			isa = PBXGroup;
			children = (
				477FD5022663C75D005A6978 /* UserListViewController.swift */,
				477FD5052663C775005A6978 /* UserListViewModel.swift */,
			);
			path = "User List";
			sourceTree = "<group>";
		};
		477FD4E72663AB10005A6978 /* Helper */ = {
			isa = PBXGroup;
			children = (
				477FD4E82663AB1C005A6978 /* Bindable.swift */,
				477FD5082663CBA0005A6978 /* ReusableView.swift */,
			);
			path = Helper;
			sourceTree = "<group>";
		};
		477FD4EC2663AEC1005A6978 /* Extensions */ = {
			isa = PBXGroup;
			children = (
				477FD4ED2663AECD005A6978 /* String+Ext.swift */,
				477FD52A2663DC7F005A6978 /* UIView+Ext.swift */,
				470F3F1C267DA95800CC90DF /* UIViewController+Ext.swift */,
			);
			path = Extensions;
			sourceTree = "<group>";
		};
		477FD4F22663B778005A6978 /* Managers */ = {
			isa = PBXGroup;
			children = (
				477FD4F32663B78E005A6978 /* PersistanceManager.swift */,
			);
			path = Managers;
			sourceTree = "<group>";
		};
		477FD4F92663B87E005A6978 /* Utilities */ = {
			isa = PBXGroup;
			children = (
				477FD4FA2663B890005A6978 /* DEError.swift */,
				477FD4FE2663BD3B005A6978 /* Constants.swift */,
			);
			path = Utilities;
			sourceTree = "<group>";
		};
		477FD50B2663CBBD005A6978 /* Cells */ = {
			isa = PBXGroup;
			children = (
				477FD5142663D4D6005A6978 /* DetailCell */,
				477FD5132663D4CA005A6978 /* Header Cell */,
			);
			path = Cells;
			sourceTree = "<group>";
		};
		477FD5132663D4CA005A6978 /* Header Cell */ = {
			isa = PBXGroup;
			children = (
				477FD50C2663CBDD005A6978 /* HeaderCell.swift */,
				477FD50D2663CBDD005A6978 /* HeaderCell.xib */,
			);
			path = "Header Cell";
			sourceTree = "<group>";
		};
		477FD5142663D4D6005A6978 /* DetailCell */ = {
			isa = PBXGroup;
			children = (
				477FD5152663D4E8005A6978 /* DetailCell.swift */,
				477FD5162663D4E8005A6978 /* DetailCell.xib */,
			);
			path = DetailCell;
			sourceTree = "<group>";
		};
		477FD51B2663D96A005A6978 /* Custom Views */ = {
			isa = PBXGroup;
			children = (
				470F3F0A267DA6FB00CC90DF /* Alerts */,
				477FD5252663DA30005A6978 /* Labels */,
				477FD5212663D9FA005A6978 /* Image Views */,
				470F3F0E267DA72C00CC90DF /* Views */,
				470F3F16267DA83F00CC90DF /* Buttons */,
				477FD51C2663D978005A6978 /* Empty State */,
			);
			path = "Custom Views";
			sourceTree = "<group>";
		};
		477FD51C2663D978005A6978 /* Empty State */ = {
			isa = PBXGroup;
			children = (
				477FD51D2663D987005A6978 /* DEEmptyStateView.swift */,
			);
			path = "Empty State";
			sourceTree = "<group>";
		};
		477FD5212663D9FA005A6978 /* Image Views */ = {
			isa = PBXGroup;
			children = (
				477FD5222663DA0F005A6978 /* DEImageView.swift */,
			);
			path = "Image Views";
			sourceTree = "<group>";
		};
		477FD5252663DA30005A6978 /* Labels */ = {
			isa = PBXGroup;
			children = (
				470F3F13267DA77000CC90DF /* DETitleLabel.swift */,
				477FD5262663DA50005A6978 /* DESecondaryTitleLabel.swift */,
			);
			path = Labels;
			sourceTree = "<group>";
		};
/* End PBXGroup section */

/* Begin PBXNativeTarget section */
		477FD4B926639E1A005A6978 /* Data Entry */ = {
			isa = PBXNativeTarget;
			buildConfigurationList = 477FD4CE26639E1B005A6978 /* Build configuration list for PBXNativeTarget "Data Entry" */;
			buildPhases = (
				477FD4B626639E1A005A6978 /* Sources */,
				477FD4B726639E1A005A6978 /* Frameworks */,
				477FD4B826639E1A005A6978 /* Resources */,
			);
			buildRules = (
			);
			dependencies = (
			);
			name = "Data Entry";
			productName = "Data Entry";
			productReference = 477FD4BA26639E1A005A6978 /* Data Entry.app */;
			productType = "com.apple.product-type.application";
		};
/* End PBXNativeTarget section */

/* Begin PBXProject section */
		477FD4B226639E1A005A6978 /* Project object */ = {
			isa = PBXProject;
			attributes = {
				LastSwiftUpdateCheck = 1240;
				LastUpgradeCheck = 1240;
				TargetAttributes = {
					477FD4B926639E1A005A6978 = {
						CreatedOnToolsVersion = 12.4;
						LastSwiftMigration = 1240;
					};
				};
			};
			buildConfigurationList = 477FD4B526639E1A005A6978 /* Build configuration list for PBXProject "Data Entry" */;
			compatibilityVersion = "Xcode 9.3";
			developmentRegion = en;
			hasScannedForEncodings = 0;
			knownRegions = (
				en,
				Base,
			);
			mainGroup = 477FD4B126639E1A005A6978;
			productRefGroup = 477FD4BB26639E1A005A6978 /* Products */;
			projectDirPath = "";
			projectRoot = "";
			targets = (
				477FD4B926639E1A005A6978 /* Data Entry */,
			);
		};
/* End PBXProject section */

/* Begin PBXResourcesBuildPhase section */
		477FD4B826639E1A005A6978 /* Resources */ = {
			isa = PBXResourcesBuildPhase;
			buildActionMask = 2147483647;
			files = (
				477FD50F2663CBDD005A6978 /* HeaderCell.xib in Resources */,
				477FD4CA26639E1B005A6978 /* LaunchScreen.storyboard in Resources */,
				477FD4C726639E1B005A6978 /* Assets.xcassets in Resources */,
				477FD4C526639E1B005A6978 /* Main.storyboard in Resources */,
				477FD5182663D4E8005A6978 /* DetailCell.xib in Resources */,
			);
			runOnlyForDeploymentPostprocessing = 0;
		};
/* End PBXResourcesBuildPhase section */

/* Begin PBXSourcesBuildPhase section */
		477FD4B626639E1A005A6978 /* Sources */ = {
			isa = PBXSourcesBuildPhase;
			buildActionMask = 2147483647;
			files = (
				470F3F14267DA77000CC90DF /* DETitleLabel.swift in Sources */,
				477FD5232663DA0F005A6978 /* DEImageView.swift in Sources */,
				477FD5272663DA50005A6978 /* DESecondaryTitleLabel.swift in Sources */,
				477FD4EE2663AECD005A6978 /* String+Ext.swift in Sources */,
				477FD5062663C775005A6978 /* UserListViewModel.swift in Sources */,
				470F3F10267DA73D00CC90DF /* DEAlertContainerView.swift in Sources */,
				477FD5032663C75D005A6978 /* UserListViewController.swift in Sources */,
				477FD4E92663AB1C005A6978 /* Bindable.swift in Sources */,
				477FD52B2663DC7F005A6978 /* UIView+Ext.swift in Sources */,
				477FD4DB2663A0B7005A6978 /* RegisterViewController.swift in Sources */,
				473682DA267D122B00A8ECBD /* CHCSVParser.m in Sources */,
				477FD5172663D4E8005A6978 /* DetailCell.swift in Sources */,
				477FD4BE26639E1A005A6978 /* AppDelegate.swift in Sources */,
				477FD50E2663CBDD005A6978 /* HeaderCell.swift in Sources */,
				470F3F18267DA84700CC90DF /* DEButton.swift in Sources */,
				477FD4F72663B7D5005A6978 /* User.swift in Sources */,
				477FD5092663CBA0005A6978 /* ReusableView.swift in Sources */,
				477FD51E2663D987005A6978 /* DEEmptyStateView.swift in Sources */,
				477FD4FF2663BD3B005A6978 /* Constants.swift in Sources */,
				477FD4C026639E1B005A6978 /* SceneDelegate.swift in Sources */,
				477FD4DF2663A0C6005A6978 /* RegisterViewModel.swift in Sources */,
				470F3F0C267DA71000CC90DF /* DEAlertVC.swift in Sources */,
				470F3F1D267DA95800CC90DF /* UIViewController+Ext.swift in Sources */,
				477FD4FB2663B890005A6978 /* DEError.swift in Sources */,
				477FD4F42663B78E005A6978 /* PersistanceManager.swift in Sources */,
			);
			runOnlyForDeploymentPostprocessing = 0;
		};
/* End PBXSourcesBuildPhase section */

/* Begin PBXVariantGroup section */
		477FD4C326639E1B005A6978 /* Main.storyboard */ = {
			isa = PBXVariantGroup;
			children = (
				477FD4C426639E1B005A6978 /* Base */,
			);
			name = Main.storyboard;
			sourceTree = "<group>";
		};
		477FD4C826639E1B005A6978 /* LaunchScreen.storyboard */ = {
			isa = PBXVariantGroup;
			children = (
				477FD4C926639E1B005A6978 /* Base */,
			);
			name = LaunchScreen.storyboard;
			sourceTree = "<group>";
		};
/* End PBXVariantGroup section */

/* Begin XCBuildConfiguration section */
		477FD4CC26639E1B005A6978 /* Debug */ = {
			isa = XCBuildConfiguration;
			buildSettings = {
				ALWAYS_SEARCH_USER_PATHS = NO;
				CLANG_ANALYZER_NONNULL = YES;
				CLANG_ANALYZER_NUMBER_OBJECT_CONVERSION = YES_AGGRESSIVE;
				CLANG_CXX_LANGUAGE_STANDARD = "gnu++14";
				CLANG_CXX_LIBRARY = "libc++";
				CLANG_ENABLE_MODULES = YES;
				CLANG_ENABLE_OBJC_ARC = YES;
				CLANG_ENABLE_OBJC_WEAK = YES;
				CLANG_WARN_BLOCK_CAPTURE_AUTORELEASING = YES;
				CLANG_WARN_BOOL_CONVERSION = YES;
				CLANG_WARN_COMMA = YES;
				CLANG_WARN_CONSTANT_CONVERSION = YES;
				CLANG_WARN_DEPRECATED_OBJC_IMPLEMENTATIONS = YES;
				CLANG_WARN_DIRECT_OBJC_ISA_USAGE = YES_ERROR;
				CLANG_WARN_DOCUMENTATION_COMMENTS = YES;
				CLANG_WARN_EMPTY_BODY = YES;
				CLANG_WARN_ENUM_CONVERSION = YES;
				CLANG_WARN_INFINITE_RECURSION = YES;
				CLANG_WARN_INT_CONVERSION = YES;
				CLANG_WARN_NON_LITERAL_NULL_CONVERSION = YES;
				CLANG_WARN_OBJC_IMPLICIT_RETAIN_SELF = YES;
				CLANG_WARN_OBJC_LITERAL_CONVERSION = YES;
				CLANG_WARN_OBJC_ROOT_CLASS = YES_ERROR;
				CLANG_WARN_QUOTED_INCLUDE_IN_FRAMEWORK_HEADER = YES;
				CLANG_WARN_RANGE_LOOP_ANALYSIS = YES;
				CLANG_WARN_STRICT_PROTOTYPES = YES;
				CLANG_WARN_SUSPICIOUS_MOVE = YES;
				CLANG_WARN_UNGUARDED_AVAILABILITY = YES_AGGRESSIVE;
				CLANG_WARN_UNREACHABLE_CODE = YES;
				CLANG_WARN__DUPLICATE_METHOD_MATCH = YES;
				COPY_PHASE_STRIP = NO;
				DEBUG_INFORMATION_FORMAT = dwarf;
				ENABLE_STRICT_OBJC_MSGSEND = YES;
				ENABLE_TESTABILITY = YES;
				GCC_C_LANGUAGE_STANDARD = gnu11;
				GCC_DYNAMIC_NO_PIC = NO;
				GCC_NO_COMMON_BLOCKS = YES;
				GCC_OPTIMIZATION_LEVEL = 0;
				GCC_PREPROCESSOR_DEFINITIONS = (
					"DEBUG=1",
					"$(inherited)",
				);
				GCC_WARN_64_TO_32_BIT_CONVERSION = YES;
				GCC_WARN_ABOUT_RETURN_TYPE = YES_ERROR;
				GCC_WARN_UNDECLARED_SELECTOR = YES;
				GCC_WARN_UNINITIALIZED_AUTOS = YES_AGGRESSIVE;
				GCC_WARN_UNUSED_FUNCTION = YES;
				GCC_WARN_UNUSED_VARIABLE = YES;
				IPHONEOS_DEPLOYMENT_TARGET = 13.0;
				MTL_ENABLE_DEBUG_INFO = INCLUDE_SOURCE;
				MTL_FAST_MATH = YES;
				ONLY_ACTIVE_ARCH = YES;
				SDKROOT = iphoneos;
				SWIFT_ACTIVE_COMPILATION_CONDITIONS = DEBUG;
				SWIFT_OPTIMIZATION_LEVEL = "-Onone";
			};
			name = Debug;
		};
		477FD4CD26639E1B005A6978 /* Release */ = {
			isa = XCBuildConfiguration;
			buildSettings = {
				ALWAYS_SEARCH_USER_PATHS = NO;
				CLANG_ANALYZER_NONNULL = YES;
				CLANG_ANALYZER_NUMBER_OBJECT_CONVERSION = YES_AGGRESSIVE;
				CLANG_CXX_LANGUAGE_STANDARD = "gnu++14";
				CLANG_CXX_LIBRARY = "libc++";
				CLANG_ENABLE_MODULES = YES;
				CLANG_ENABLE_OBJC_ARC = YES;
				CLANG_ENABLE_OBJC_WEAK = YES;
				CLANG_WARN_BLOCK_CAPTURE_AUTORELEASING = YES;
				CLANG_WARN_BOOL_CONVERSION = YES;
				CLANG_WARN_COMMA = YES;
				CLANG_WARN_CONSTANT_CONVERSION = YES;
				CLANG_WARN_DEPRECATED_OBJC_IMPLEMENTATIONS = YES;
				CLANG_WARN_DIRECT_OBJC_ISA_USAGE = YES_ERROR;
				CLANG_WARN_DOCUMENTATION_COMMENTS = YES;
				CLANG_WARN_EMPTY_BODY = YES;
				CLANG_WARN_ENUM_CONVERSION = YES;
				CLANG_WARN_INFINITE_RECURSION = YES;
				CLANG_WARN_INT_CONVERSION = YES;
				CLANG_WARN_NON_LITERAL_NULL_CONVERSION = YES;
				CLANG_WARN_OBJC_IMPLICIT_RETAIN_SELF = YES;
				CLANG_WARN_OBJC_LITERAL_CONVERSION = YES;
				CLANG_WARN_OBJC_ROOT_CLASS = YES_ERROR;
				CLANG_WARN_QUOTED_INCLUDE_IN_FRAMEWORK_HEADER = YES;
				CLANG_WARN_RANGE_LOOP_ANALYSIS = YES;
				CLANG_WARN_STRICT_PROTOTYPES = YES;
				CLANG_WARN_SUSPICIOUS_MOVE = YES;
				CLANG_WARN_UNGUARDED_AVAILABILITY = YES_AGGRESSIVE;
				CLANG_WARN_UNREACHABLE_CODE = YES;
				CLANG_WARN__DUPLICATE_METHOD_MATCH = YES;
				COPY_PHASE_STRIP = NO;
				DEBUG_INFORMATION_FORMAT = "dwarf-with-dsym";
				ENABLE_NS_ASSERTIONS = NO;
				ENABLE_STRICT_OBJC_MSGSEND = YES;
				GCC_C_LANGUAGE_STANDARD = gnu11;
				GCC_NO_COMMON_BLOCKS = YES;
				GCC_WARN_64_TO_32_BIT_CONVERSION = YES;
				GCC_WARN_ABOUT_RETURN_TYPE = YES_ERROR;
				GCC_WARN_UNDECLARED_SELECTOR = YES;
				GCC_WARN_UNINITIALIZED_AUTOS = YES_AGGRESSIVE;
				GCC_WARN_UNUSED_FUNCTION = YES;
				GCC_WARN_UNUSED_VARIABLE = YES;
				IPHONEOS_DEPLOYMENT_TARGET = 13.0;
				MTL_ENABLE_DEBUG_INFO = NO;
				MTL_FAST_MATH = YES;
				SDKROOT = iphoneos;
				SWIFT_COMPILATION_MODE = wholemodule;
				SWIFT_OPTIMIZATION_LEVEL = "-O";
				VALIDATE_PRODUCT = YES;
			};
			name = Release;
		};
		477FD4CF26639E1B005A6978 /* Debug */ = {
			isa = XCBuildConfiguration;
			buildSettings = {
				ASSETCATALOG_COMPILER_APPICON_NAME = AppIcon;
				ASSETCATALOG_COMPILER_GLOBAL_ACCENT_COLOR_NAME = AccentColor;
				CLANG_ENABLE_MODULES = YES;
				CODE_SIGN_STYLE = Automatic;
				CURRENT_PROJECT_VERSION = 4;
				DEVELOPMENT_TEAM = 7BXSU3YQGA;
				INFOPLIST_FILE = "Data Entry/Info.plist";
				LD_RUNPATH_SEARCH_PATHS = (
					"$(inherited)",
					"@executable_path/Frameworks",
				);
				PRODUCT_BUNDLE_IDENTIFIER = "com.castleCode.Data-Entry";
				PRODUCT_NAME = "$(TARGET_NAME)";
				SWIFT_OBJC_BRIDGING_HEADER = "Data Entry/Data Entry-Bridging-Header.h";
				SWIFT_OPTIMIZATION_LEVEL = "-Onone";
				SWIFT_VERSION = 5.0;
				TARGETED_DEVICE_FAMILY = 2;
			};
			name = Debug;
		};
		477FD4D026639E1B005A6978 /* Release */ = {
			isa = XCBuildConfiguration;
			buildSettings = {
				ASSETCATALOG_COMPILER_APPICON_NAME = AppIcon;
				ASSETCATALOG_COMPILER_GLOBAL_ACCENT_COLOR_NAME = AccentColor;
				CLANG_ENABLE_MODULES = YES;
				CODE_SIGN_STYLE = Automatic;
				CURRENT_PROJECT_VERSION = 4;
				DEVELOPMENT_TEAM = 7BXSU3YQGA;
				INFOPLIST_FILE = "Data Entry/Info.plist";
				LD_RUNPATH_SEARCH_PATHS = (
					"$(inherited)",
					"@executable_path/Frameworks",
				);
				PRODUCT_BUNDLE_IDENTIFIER = "com.castleCode.Data-Entry";
				PRODUCT_NAME = "$(TARGET_NAME)";
				SWIFT_OBJC_BRIDGING_HEADER = "Data Entry/Data Entry-Bridging-Header.h";
				SWIFT_VERSION = 5.0;
				TARGETED_DEVICE_FAMILY = 2;
			};
			name = Release;
		};
/* End XCBuildConfiguration section */

/* Begin XCConfigurationList section */
		477FD4B526639E1A005A6978 /* Build configuration list for PBXProject "Data Entry" */ = {
			isa = XCConfigurationList;
			buildConfigurations = (
				477FD4CC26639E1B005A6978 /* Debug */,
				477FD4CD26639E1B005A6978 /* Release */,
			);
			defaultConfigurationIsVisible = 0;
			defaultConfigurationName = Release;
		};
		477FD4CE26639E1B005A6978 /* Build configuration list for PBXNativeTarget "Data Entry" */ = {
			isa = XCConfigurationList;
			buildConfigurations = (
				477FD4CF26639E1B005A6978 /* Debug */,
				477FD4D026639E1B005A6978 /* Release */,
			);
			defaultConfigurationIsVisible = 0;
			defaultConfigurationName = Release;
		};
/* End XCConfigurationList section */
	};
	rootObject = 477FD4B226639E1A005A6978 /* Project object */;
}
